
Microsoft Visual Studio Solution File, Format Version 12.00
# Visual Studio Version 17
VisualStudioVersion = 17.12.35527.113
MinimumVisualStudioVersion = 10.0.40219.1
Project("{FAE04EC0-301F-11D3-BF4B-00C04F79EFBC}") = "GigaScramSoft", "GigaScramSoft\GigaScramSoft.csproj", "{614D5988-80C4-478D-977B-4D080FB11450}"
EndProject
Project("{FAE04EC0-301F-11D3-BF4B-00C04F79EFBC}") = "GigaScramSoft.Tests", "GigaScramSoft.Tests\GigaScramSoft.Tests.csproj", "{F4B5CA40-ED35-46A2-9BBA-AE529EF58518}"
EndProject
Global
	GlobalSection(SolutionConfigurationPlatforms) = preSolution
		Debug|Any CPU = Debug|Any CPU
		Release|Any CPU = Release|Any CPU
	EndGlobalSection
	GlobalSection(ProjectConfigurationPlatforms) = postSolution
		{614D5988-80C4-478D-977B-4D080FB11450}.Debug|Any CPU.ActiveCfg = Debug|Any CPU
		{614D5988-80C4-478D-977B-4D080FB11450}.Debug|Any CPU.Build.0 = Debug|Any CPU
		{614D5988-80C4-478D-977B-4D080FB11450}.Release|Any CPU.ActiveCfg = Release|Any CPU
		{614D5988-80C4-478D-977B-4D080FB11450}.Release|Any CPU.Build.0 = Release|Any CPU
		{F4B5CA40-ED35-46A2-9BBA-AE529EF58518}.Debug|Any CPU.ActiveCfg = Debug|Any CPU
		{F4B5CA40-ED35-46A2-9BBA-AE529EF58518}.Debug|Any CPU.Build.0 = Debug|Any CPU
		{F4B5CA40-ED35-46A2-9BBA-AE529EF58518}.Release|Any CPU.ActiveCfg = Release|Any CPU
		{F4B5CA40-ED35-46A2-9BBA-AE529EF58518}.Release|Any CPU.Build.0 = Release|Any CPU
	EndGlobalSection
	GlobalSection(SolutionProperties) = preSolution
		HideSolutionNode = FALSE
	EndGlobalSection
	GlobalSection(ExtensibilityGlobals) = postSolution
		SolutionGuid = {30327618-0070-4340-AF32-BA90E9B42E31}
	EndGlobalSection
EndGlobal
